
Microsoft Visual Studio Solution File, Format Version 12.00
# Visual Studio Version 17
VisualStudioVersion = 17.11.35312.102
MinimumVisualStudioVersion = 10.0.40219.1
Project("{9A19103F-16F7-4668-BE54-9A1E7A4F7556}") = "Preqin-Investor", "Preqin-Investor\Preqin-Investor.csproj", "{C068F713-F819-4072-94BD-6AA3E29BA970}"
EndProject
Project("{FAE04EC0-301F-11D3-BF4B-00C04F79EFBC}") = "Preqin-Investor.Service", "Preqin-Investor.Service\Preqin-Investor.Service.csproj", "{B082FE35-E287-40A6-9ECC-93E481347C70}"
EndProject
Global
	GlobalSection(SolutionConfigurationPlatforms) = preSolution
		Debug|Any CPU = Debug|Any CPU
		Release|Any CPU = Release|Any CPU
	EndGlobalSection
	GlobalSection(ProjectConfigurationPlatforms) = postSolution
		{C068F713-F819-4072-94BD-6AA3E29BA970}.Debug|Any CPU.ActiveCfg = Debug|Any CPU
		{C068F713-F819-4072-94BD-6AA3E29BA970}.Debug|Any CPU.Build.0 = Debug|Any CPU
		{C068F713-F819-4072-94BD-6AA3E29BA970}.Release|Any CPU.ActiveCfg = Release|Any CPU
		{C068F713-F819-4072-94BD-6AA3E29BA970}.Release|Any CPU.Build.0 = Release|Any CPU
		{B082FE35-E287-40A6-9ECC-93E481347C70}.Debug|Any CPU.ActiveCfg = Debug|Any CPU
		{B082FE35-E287-40A6-9ECC-93E481347C70}.Debug|Any CPU.Build.0 = Debug|Any CPU
		{B082FE35-E287-40A6-9ECC-93E481347C70}.Release|Any CPU.ActiveCfg = Release|Any CPU
		{B082FE35-E287-40A6-9ECC-93E481347C70}.Release|Any CPU.Build.0 = Release|Any CPU
	EndGlobalSection
	GlobalSection(SolutionProperties) = preSolution
		HideSolutionNode = FALSE
	EndGlobalSection
	GlobalSection(ExtensibilityGlobals) = postSolution
		SolutionGuid = {9C06AC96-D591-448B-9904-FA33AB67A9AA}
	EndGlobalSection
EndGlobal
